// !$*UTF8*$!
{
	archiveVersion = 1;
	classes = {
	};
	objectVersion = 50;
	objects = {

/* Begin PBXBuildFile section */
		4F028BF7248ACF71004743A2 /* ThirdViewController.swift in Sources */ = {isa = PBXBuildFile; fileRef = 4F028BF6248ACF71004743A2 /* ThirdViewController.swift */; };
		4F47602B248812B20051821F /* AppDelegate.swift in Sources */ = {isa = PBXBuildFile; fileRef = 4F47602A248812B20051821F /* AppDelegate.swift */; };
		4F47602D248812B20051821F /* SceneDelegate.swift in Sources */ = {isa = PBXBuildFile; fileRef = 4F47602C248812B20051821F /* SceneDelegate.swift */; };
		4F47602F248812B20051821F /* FirstViewController.swift in Sources */ = {isa = PBXBuildFile; fileRef = 4F47602E248812B20051821F /* FirstViewController.swift */; };
		4F476031248812B20051821F /* SecondViewController.swift in Sources */ = {isa = PBXBuildFile; fileRef = 4F476030248812B20051821F /* SecondViewController.swift */; };
		4F476034248812B20051821F /* Main.storyboard in Resources */ = {isa = PBXBuildFile; fileRef = 4F476032248812B20051821F /* Main.storyboard */; };
		4F476036248812B40051821F /* Assets.xcassets in Resources */ = {isa = PBXBuildFile; fileRef = 4F476035248812B40051821F /* Assets.xcassets */; };
		4F476039248812B40051821F /* LaunchScreen.storyboard in Resources */ = {isa = PBXBuildFile; fileRef = 4F476037248812B40051821F /* LaunchScreen.storyboard */; };
/* End PBXBuildFile section */

/* Begin PBXFileReference section */
		4F028BF6248ACF71004743A2 /* ThirdViewController.swift */ = {isa = PBXFileReference; lastKnownFileType = sourcecode.swift; path = ThirdViewController.swift; sourceTree = "<group>"; };
		4F476027248812B20051821F /* What's Cooking?.app */ = {isa = PBXFileReference; explicitFileType = wrapper.application; includeInIndex = 0; path = "What's Cooking?.app"; sourceTree = BUILT_PRODUCTS_DIR; };
		4F47602A248812B20051821F /* AppDelegate.swift */ = {isa = PBXFileReference; lastKnownFileType = sourcecode.swift; path = AppDelegate.swift; sourceTree = "<group>"; };
		4F47602C248812B20051821F /* SceneDelegate.swift */ = {isa = PBXFileReference; lastKnownFileType = sourcecode.swift; path = SceneDelegate.swift; sourceTree = "<group>"; };
		4F47602E248812B20051821F /* FirstViewController.swift */ = {isa = PBXFileReference; lastKnownFileType = sourcecode.swift; path = FirstViewController.swift; sourceTree = "<group>"; };
		4F476030248812B20051821F /* SecondViewController.swift */ = {isa = PBXFileReference; lastKnownFileType = sourcecode.swift; path = SecondViewController.swift; sourceTree = "<group>"; };
		4F476033248812B20051821F /* Base */ = {isa = PBXFileReference; lastKnownFileType = file.storyboard; name = Base; path = Base.lproj/Main.storyboard; sourceTree = "<group>"; };
		4F476035248812B40051821F /* Assets.xcassets */ = {isa = PBXFileReference; lastKnownFileType = folder.assetcatalog; path = Assets.xcassets; sourceTree = "<group>"; };
		4F476038248812B40051821F /* Base */ = {isa = PBXFileReference; lastKnownFileType = file.storyboard; name = Base; path = Base.lproj/LaunchScreen.storyboard; sourceTree = "<group>"; };
		4F47603A248812B40051821F /* Info.plist */ = {isa = PBXFileReference; lastKnownFileType = text.plist.xml; path = Info.plist; sourceTree = "<group>"; };
/* End PBXFileReference section */

/* Begin PBXFrameworksBuildPhase section */
		4F476024248812B20051821F /* Frameworks */ = {
			isa = PBXFrameworksBuildPhase;
			buildActionMask = 2147483647;
			files = (
			);
			runOnlyForDeploymentPostprocessing = 0;
		};
/* End PBXFrameworksBuildPhase section */

/* Begin PBXGroup section */
		4F47601E248812B20051821F = {
			isa = PBXGroup;
			children = (
				4F476029248812B20051821F /* What's Cooking? */,
				4F476028248812B20051821F /* Products */,
			);
			sourceTree = "<group>";
		};
		4F476028248812B20051821F /* Products */ = {
			isa = PBXGroup;
			children = (
				4F476027248812B20051821F /* What's Cooking?.app */,
			);
			name = Products;
			sourceTree = "<group>";
		};
		4F476029248812B20051821F /* What's Cooking? */ = {
			isa = PBXGroup;
			children = (
				4F47602A248812B20051821F /* AppDelegate.swift */,
				4F47602C248812B20051821F /* SceneDelegate.swift */,
				4F47602E248812B20051821F /* FirstViewController.swift */,
				4F476030248812B20051821F /* SecondViewController.swift */,
				4F028BF6248ACF71004743A2 /* ThirdViewController.swift */,
				4F476032248812B20051821F /* Main.storyboard */,
				4F476035248812B40051821F /* Assets.xcassets */,
				4F476037248812B40051821F /* LaunchScreen.storyboard */,
				4F47603A248812B40051821F /* Info.plist */,
			);
			path = "What's Cooking?";
			sourceTree = "<group>";
		};
/* End PBXGroup section */

/* Begin PBXNativeTarget section */
		4F476026248812B20051821F /* What's Cooking? */ = {
			isa = PBXNativeTarget;
			buildConfigurationList = 4F47603D248812B40051821F /* Build configuration list for PBXNativeTarget "What's Cooking?" */;
			buildPhases = (
				4F476023248812B20051821F /* Sources */,
				4F476024248812B20051821F /* Frameworks */,
				4F476025248812B20051821F /* Resources */,
			);
			buildRules = (
			);
			dependencies = (
			);
			name = "What's Cooking?";
			productName = "What's Cooking?";
			productReference = 4F476027248812B20051821F /* What's Cooking?.app */;
			productType = "com.apple.product-type.application";
		};
/* End PBXNativeTarget section */

/* Begin PBXProject section */
		4F47601F248812B20051821F /* Project object */ = {
			isa = PBXProject;
			attributes = {
				LastSwiftUpdateCheck = 1150;
				LastUpgradeCheck = 1150;
				ORGANIZATIONNAME = "Velocity Apps";
				TargetAttributes = {
					4F476026248812B20051821F = {
						CreatedOnToolsVersion = 11.5;
					};
				};
			};
			buildConfigurationList = 4F476022248812B20051821F /* Build configuration list for PBXProject "What's Cooking?" */;
			compatibilityVersion = "Xcode 9.3";
			developmentRegion = en;
			hasScannedForEncodings = 0;
			knownRegions = (
				en,
				Base,
			);
			mainGroup = 4F47601E248812B20051821F;
			productRefGroup = 4F476028248812B20051821F /* Products */;
			projectDirPath = "";
			projectRoot = "";
			targets = (
				4F476026248812B20051821F /* What's Cooking? */,
			);
		};
/* End PBXProject section */

/* Begin PBXResourcesBuildPhase section */
		4F476025248812B20051821F /* Resources */ = {
			isa = PBXResourcesBuildPhase;
			buildActionMask = 2147483647;
			files = (
				4F476039248812B40051821F /* LaunchScreen.storyboard in Resources */,
				4F476036248812B40051821F /* Assets.xcassets in Resources */,
				4F476034248812B20051821F /* Main.storyboard in Resources */,
			);
			runOnlyForDeploymentPostprocessing = 0;
		};
/* End PBXResourcesBuildPhase section */

/* Begin PBXSourcesBuildPhase section */
		4F476023248812B20051821F /* Sources */ = {
			isa = PBXSourcesBuildPhase;
			buildActionMask = 2147483647;
			files = (
				4F476031248812B20051821F /* SecondViewController.swift in Sources */,
				4F47602F248812B20051821F /* FirstViewController.swift in Sources */,
				4F028BF7248ACF71004743A2 /* ThirdViewController.swift in Sources */,
				4F47602B248812B20051821F /* AppDelegate.swift in Sources */,
				4F47602D248812B20051821F /* SceneDelegate.swift in Sources */,
			);
			runOnlyForDeploymentPostprocessing = 0;
		};
/* End PBXSourcesBuildPhase section */

/* Begin PBXVariantGroup section */
		4F476032248812B20051821F /* Main.storyboard */ = {
			isa = PBXVariantGroup;
			children = (
				4F476033248812B20051821F /* Base */,
			);
			name = Main.storyboard;
			sourceTree = "<group>";
		};
		4F476037248812B40051821F /* LaunchScreen.storyboard */ = {
			isa = PBXVariantGroup;
			children = (
				4F476038248812B40051821F /* Base */,
			);
			name = LaunchScreen.storyboard;
			sourceTree = "<group>";
		};
/* End PBXVariantGroup section */

/* Begin XCBuildConfiguration section */
		4F47603B248812B40051821F /* Debug */ = {
			isa = XCBuildConfiguration;
			buildSettings = {
				ALWAYS_SEARCH_USER_PATHS = NO;
				CLANG_ANALYZER_NONNULL = YES;
				CLANG_ANALYZER_NUMBER_OBJECT_CONVERSION = YES_AGGRESSIVE;
				CLANG_CXX_LANGUAGE_STANDARD = "gnu++14";
				CLANG_CXX_LIBRARY = "libc++";
				CLANG_ENABLE_MODULES = YES;
				CLANG_ENABLE_OBJC_ARC = YES;
				CLANG_ENABLE_OBJC_WEAK = YES;
				CLANG_WARN_BLOCK_CAPTURE_AUTORELEASING = YES;
				CLANG_WARN_BOOL_CONVERSION = YES;
				CLANG_WARN_COMMA = YES;
				CLANG_WARN_CONSTANT_CONVERSION = YES;
				CLANG_WARN_DEPRECATED_OBJC_IMPLEMENTATIONS = YES;
				CLANG_WARN_DIRECT_OBJC_ISA_USAGE = YES_ERROR;
				CLANG_WARN_DOCUMENTATION_COMMENTS = YES;
				CLANG_WARN_EMPTY_BODY = YES;
				CLANG_WARN_ENUM_CONVERSION = YES;
				CLANG_WARN_INFINITE_RECURSION = YES;
				CLANG_WARN_INT_CONVERSION = YES;
				CLANG_WARN_NON_LITERAL_NULL_CONVERSION = YES;
				CLANG_WARN_OBJC_IMPLICIT_RETAIN_SELF = YES;
				CLANG_WARN_OBJC_LITERAL_CONVERSION = YES;
				CLANG_WARN_OBJC_ROOT_CLASS = YES_ERROR;
				CLANG_WARN_RANGE_LOOP_ANALYSIS = YES;
				CLANG_WARN_STRICT_PROTOTYPES = YES;
				CLANG_WARN_SUSPICIOUS_MOVE = YES;
				CLANG_WARN_UNGUARDED_AVAILABILITY = YES_AGGRESSIVE;
				CLANG_WARN_UNREACHABLE_CODE = YES;
				CLANG_WARN__DUPLICATE_METHOD_MATCH = YES;
				COPY_PHASE_STRIP = NO;
				DEBUG_INFORMATION_FORMAT = dwarf;
				ENABLE_STRICT_OBJC_MSGSEND = YES;
				ENABLE_TESTABILITY = YES;
				GCC_C_LANGUAGE_STANDARD = gnu11;
				GCC_DYNAMIC_NO_PIC = NO;
				GCC_NO_COMMON_BLOCKS = YES;
				GCC_OPTIMIZATION_LEVEL = 0;
				GCC_PREPROCESSOR_DEFINITIONS = (
					"DEBUG=1",
					"$(inherited)",
				);
				GCC_WARN_64_TO_32_BIT_CONVERSION = YES;
				GCC_WARN_ABOUT_RETURN_TYPE = YES_ERROR;
				GCC_WARN_UNDECLARED_SELECTOR = YES;
				GCC_WARN_UNINITIALIZED_AUTOS = YES_AGGRESSIVE;
				GCC_WARN_UNUSED_FUNCTION = YES;
				GCC_WARN_UNUSED_VARIABLE = YES;
				IPHONEOS_DEPLOYMENT_TARGET = 13.5;
				MTL_ENABLE_DEBUG_INFO = INCLUDE_SOURCE;
				MTL_FAST_MATH = YES;
				ONLY_ACTIVE_ARCH = YES;
				SDKROOT = iphoneos;
				SWIFT_ACTIVE_COMPILATION_CONDITIONS = DEBUG;
				SWIFT_OPTIMIZATION_LEVEL = "-Onone";
			};
			name = Debug;
		};
		4F47603C248812B40051821F /* Release */ = {
			isa = XCBuildConfiguration;
			buildSettings = {
				ALWAYS_SEARCH_USER_PATHS = NO;
				CLANG_ANALYZER_NONNULL = YES;
				CLANG_ANALYZER_NUMBER_OBJECT_CONVERSION = YES_AGGRESSIVE;
				CLANG_CXX_LANGUAGE_STANDARD = "gnu++14";
				CLANG_CXX_LIBRARY = "libc++";
				CLANG_ENABLE_MODULES = YES;
				CLANG_ENABLE_OBJC_ARC = YES;
				CLANG_ENABLE_OBJC_WEAK = YES;
				CLANG_WARN_BLOCK_CAPTURE_AUTORELEASING = YES;
				CLANG_WARN_BOOL_CONVERSION = YES;
				CLANG_WARN_COMMA = YES;
				CLANG_WARN_CONSTANT_CONVERSION = YES;
				CLANG_WARN_DEPRECATED_OBJC_IMPLEMENTATIONS = YES;
				CLANG_WARN_DIRECT_OBJC_ISA_USAGE = YES_ERROR;
				CLANG_WARN_DOCUMENTATION_COMMENTS = YES;
				CLANG_WARN_EMPTY_BODY = YES;
				CLANG_WARN_ENUM_CONVERSION = YES;
				CLANG_WARN_INFINITE_RECURSION = YES;
				CLANG_WARN_INT_CONVERSION = YES;
				CLANG_WARN_NON_LITERAL_NULL_CONVERSION = YES;
				CLANG_WARN_OBJC_IMPLICIT_RETAIN_SELF = YES;
				CLANG_WARN_OBJC_LITERAL_CONVERSION = YES;
				CLANG_WARN_OBJC_ROOT_CLASS = YES_ERROR;
				CLANG_WARN_RANGE_LOOP_ANALYSIS = YES;
				CLANG_WARN_STRICT_PROTOTYPES = YES;
				CLANG_WARN_SUSPICIOUS_MOVE = YES;
				CLANG_WARN_UNGUARDED_AVAILABILITY = YES_AGGRESSIVE;
				CLANG_WARN_UNREACHABLE_CODE = YES;
				CLANG_WARN__DUPLICATE_METHOD_MATCH = YES;
				COPY_PHASE_STRIP = NO;
				DEBUG_INFORMATION_FORMAT = "dwarf-with-dsym";
				ENABLE_NS_ASSERTIONS = NO;
				ENABLE_STRICT_OBJC_MSGSEND = YES;
				GCC_C_LANGUAGE_STANDARD = gnu11;
				GCC_NO_COMMON_BLOCKS = YES;
				GCC_WARN_64_TO_32_BIT_CONVERSION = YES;
				GCC_WARN_ABOUT_RETURN_TYPE = YES_ERROR;
				GCC_WARN_UNDECLARED_SELECTOR = YES;
				GCC_WARN_UNINITIALIZED_AUTOS = YES_AGGRESSIVE;
				GCC_WARN_UNUSED_FUNCTION = YES;
				GCC_WARN_UNUSED_VARIABLE = YES;
				IPHONEOS_DEPLOYMENT_TARGET = 13.5;
				MTL_ENABLE_DEBUG_INFO = NO;
				MTL_FAST_MATH = YES;
				SDKROOT = iphoneos;
				SWIFT_COMPILATION_MODE = wholemodule;
				SWIFT_OPTIMIZATION_LEVEL = "-O";
				VALIDATE_PRODUCT = YES;
			};
			name = Release;
		};
		4F47603E248812B40051821F /* Debug */ = {
			isa = XCBuildConfiguration;
			buildSettings = {
				ASSETCATALOG_COMPILER_APPICON_NAME = AppIcon;
				CODE_SIGN_STYLE = Automatic;
				CURRENT_PROJECT_VERSION = 2;
				DEVELOPMENT_TEAM = TAZG5QA452;
				INFOPLIST_FILE = "What's Cooking?/Info.plist";
				IPHONEOS_DEPLOYMENT_TARGET = 13.0;
				LD_RUNPATH_SEARCH_PATHS = (
					"$(inherited)",
					"@executable_path/Frameworks",
				);
				PRODUCT_BUNDLE_IDENTIFIER = "VelocityApps.Whats-Cooking";
				PRODUCT_NAME = "$(TARGET_NAME)";
				SWIFT_VERSION = 5.0;
				TARGETED_DEVICE_FAMILY = 1;
			};
			name = Debug;
		};
		4F47603F248812B40051821F /* Release */ = {
			isa = XCBuildConfiguration;
			buildSettings = {
				ASSETCATALOG_COMPILER_APPICON_NAME = AppIcon;
				CODE_SIGN_STYLE = Automatic;
				CURRENT_PROJECT_VERSION = 2;
				DEVELOPMENT_TEAM = TAZG5QA452;
				INFOPLIST_FILE = "What's Cooking?/Info.plist";
				IPHONEOS_DEPLOYMENT_TARGET = 13.0;
				LD_RUNPATH_SEARCH_PATHS = (
					"$(inherited)",
					"@executable_path/Frameworks",
				);
				PRODUCT_BUNDLE_IDENTIFIER = "VelocityApps.Whats-Cooking";
				PRODUCT_NAME = "$(TARGET_NAME)";
				SWIFT_VERSION = 5.0;
				TARGETED_DEVICE_FAMILY = 1;
			};
			name = Release;
		};
/* End XCBuildConfiguration section */

/* Begin XCConfigurationList section */
		4F476022248812B20051821F /* Build configuration list for PBXProject "What's Cooking?" */ = {
			isa = XCConfigurationList;
			buildConfigurations = (
				4F47603B248812B40051821F /* Debug */,
				4F47603C248812B40051821F /* Release */,
			);
			defaultConfigurationIsVisible = 0;
			defaultConfigurationName = Release;
		};
		4F47603D248812B40051821F /* Build configuration list for PBXNativeTarget "What's Cooking?" */ = {
			isa = XCConfigurationList;
			buildConfigurations = (
				4F47603E248812B40051821F /* Debug */,
				4F47603F248812B40051821F /* Release */,
			);
			defaultConfigurationIsVisible = 0;
			defaultConfigurationName = Release;
		};
/* End XCConfigurationList section */
	};
	rootObject = 4F47601F248812B20051821F /* Project object */;
}
